
Microsoft Visual Studio Solution File, Format Version 12.00
# Visual Studio 2013
VisualStudioVersion = 12.0.21005.1
MinimumVisualStudioVersion = 10.0.40219.1
Project("{8BC9CEB8-8B4A-11D0-8D11-00A0C91BC942}") = "C++_map000", "C++_map000\C++_map000.vcxproj", "{61102BAD-D008-4214-A8D7-0945E1F2608C}"
EndProject
Project("{8BC9CEB8-8B4A-11D0-8D11-00A0C91BC942}") = "Demo001", "Demo001\Demo001.vcxproj", "{DDECB6F7-C591-4844-BC82-653EE4A7C8E7}"
EndProject
Project("{8BC9CEB8-8B4A-11D0-8D11-00A0C91BC942}") = "Demo_多态001", "Demo_多态001\Demo_多态001.vcxproj", "{B5215DD4-B788-441F-A4A1-D18641791C5D}"
EndProject
Project("{8BC9CEB8-8B4A-11D0-8D11-00A0C91BC942}") = "C++_QuickSort", "C++_QuickSort\C++_QuickSort.vcxproj", "{47E6EC61-8989-45A8-80BB-69B4626C7CCF}"
EndProject
Project("{8BC9CEB8-8B4A-11D0-8D11-00A0C91BC942}") = "Demo002", "Demo002\Demo002.vcxproj", "{16DF9EE5-836B-48E5-8E3C-420B1E61A837}"
EndProject
Project("{8BC9CEB8-8B4A-11D0-8D11-00A0C91BC942}") = "C++_Template", "C++_Template\C++_Template.vcxproj", "{5F23530A-DC2F-4B2F-B406-D05C6B7F3CDA}"
EndProject
Project("{8BC9CEB8-8B4A-11D0-8D11-00A0C91BC942}") = "C++_BubbleSort", "C++_BubbleSort\C++_BubbleSort.vcxproj", "{E87FAE8B-3F24-4D9B-8532-0BA3C3BA813B}"
EndProject
Project("{8BC9CEB8-8B4A-11D0-8D11-00A0C91BC942}") = "C++_InsertSort", "C++_InsertSort\C++_InsertSort.vcxproj", "{282EA790-0FF6-42E6-A821-B874DFDE3496}"
EndProject
Project("{8BC9CEB8-8B4A-11D0-8D11-00A0C91BC942}") = "C++_LinkedList", "C++_LinkedList\C++_LinkedList.vcxproj", "{44DC7ED1-A45E-49B1-9684-C7873A6AB08B}"
EndProject
Project("{8BC9CEB8-8B4A-11D0-8D11-00A0C91BC942}") = "C++_单例模式", "C++_单例模式\C++_单例模式.vcxproj", "{DCEEFD42-4644-4133-8551-F0DEDBE54273}"
EndProject
Project("{8BC9CEB8-8B4A-11D0-8D11-00A0C91BC942}") = "C++_栈", "C++_栈\C++_栈.vcxproj", "{A7B9AABF-E57C-4E43-A28C-3E505188B850}"
EndProject
Project("{8BC9CEB8-8B4A-11D0-8D11-00A0C91BC942}") = "C++_最大子段和", "C++_最大子段和\C++_最大子段和.vcxproj", "{067B9A86-8DB3-4E89-A504-5E50C4CDEE25}"
EndProject
Project("{8BC9CEB8-8B4A-11D0-8D11-00A0C91BC942}") = "C++_最长回文子串", "C++_最长回文子串\C++_最长回文子串.vcxproj", "{AD5A99B1-63E6-4834-902C-E1BD96BA1A93}"
EndProject
Project("{8BC9CEB8-8B4A-11D0-8D11-00A0C91BC942}") = "Demo003", "Demo003\Demo003.vcxproj", "{140B0EF6-27B7-4B8A-B994-A0526CC8B2FA}"
EndProject
Project("{8BC9CEB8-8B4A-11D0-8D11-00A0C91BC942}") = "Demo004", "Demo004\Demo004.vcxproj", "{940EA9F4-69EC-4650-899A-316EFA15F8BE}"
EndProject
Project("{8BC9CEB8-8B4A-11D0-8D11-00A0C91BC942}") = "Demo005", "Demo005\Demo005.vcxproj", "{DF2F8F65-496C-445B-9F53-7020BDE317A6}"
EndProject
Project("{8BC9CEB8-8B4A-11D0-8D11-00A0C91BC942}") = "StrMoving", "StrMoving\StrMoving.vcxproj", "{73E84702-41D8-4321-972B-95EC5AB2D23E}"
EndProject
Project("{8BC9CEB8-8B4A-11D0-8D11-00A0C91BC942}") = "TwoSum", "TwoSum\TwoSum.vcxproj", "{32A1190F-1DD8-4244-BD9F-51BD1D6BBFEF}"
EndProject
Project("{8BC9CEB8-8B4A-11D0-8D11-00A0C91BC942}") = "SYSTime", "SYSTime\SYSTime.vcxproj", "{64A63777-F9A9-47B5-8C91-64B0040E1F08}"
EndProject
Project("{8BC9CEB8-8B4A-11D0-8D11-00A0C91BC942}") = "C++_异常", "C++_异常\C++_异常.vcxproj", "{4281210C-3045-4F6A-AF1E-B67A0269C1A6}"
EndProject
Project("{8BC9CEB8-8B4A-11D0-8D11-00A0C91BC942}") = "C++_读取文件到map", "C++_读取文件到map\C++_读取文件到map.vcxproj", "{C5F1A867-053F-4893-B716-8373AC4019A1}"
EndProject
Project("{8BC9CEB8-8B4A-11D0-8D11-00A0C91BC942}") = "C++_计算时间差", "C++_计算时间差\C++_计算时间差.vcxproj", "{4C614D03-965A-430F-9FA6-E105396B3021}"
EndProject
Project("{8BC9CEB8-8B4A-11D0-8D11-00A0C91BC942}") = "C++_正则表达式", "C++_正则表达式\C++_正则表达式.vcxproj", "{A952AF16-66B7-4B36-8268-792CC86A3DE8}"
EndProject
Project("{8BC9CEB8-8B4A-11D0-8D11-00A0C91BC942}") = "C++_工厂模式002_案例引出", "C++_工厂模式\C++_工厂模式.vcxproj", "{432374D6-8D50-4ACD-970E-1A265B1C2E07}"
EndProject
Project("{8BC9CEB8-8B4A-11D0-8D11-00A0C91BC942}") = "C++_工厂模式003_简单工厂模式", "C++_工厂模式003\C++_工厂模式003.vcxproj", "{165DD543-6C0F-42E9-841F-A132933DD351}"
EndProject
Project("{8BC9CEB8-8B4A-11D0-8D11-00A0C91BC942}") = "C++_工厂模式004_工厂方法模式", "C++_工厂模式004\C++_工厂模式004.vcxproj", "{B88D6A3D-0325-4407-A863-AA09218EF61E}"
EndProject
Project("{8BC9CEB8-8B4A-11D0-8D11-00A0C91BC942}") = "C++_工厂模式005_抽象工厂模式", "C++_工厂模式005_抽象工厂模式\C++_工厂模式005_抽象工厂模式.vcxproj", "{E2648EC3-D99A-4D9B-8912-D5243FA5C0E2}"
EndProject
Project("{8BC9CEB8-8B4A-11D0-8D11-00A0C91BC942}") = "C++_Hashmap", "C++_Hashmap\C++_Hashmap.vcxproj", "{DC758246-9D28-4EDF-998E-2D870B2BCBD5}"
EndProject
Global
	GlobalSection(SubversionScc) = preSolution
		Svn-Managed = True
		Manager = AnkhSVN - Subversion Support for Visual Studio
	EndGlobalSection
	GlobalSection(SolutionConfigurationPlatforms) = preSolution
		Debug|Win32 = Debug|Win32
		Release|Win32 = Release|Win32
	EndGlobalSection
	GlobalSection(ProjectConfigurationPlatforms) = postSolution
		{61102BAD-D008-4214-A8D7-0945E1F2608C}.Debug|Win32.ActiveCfg = Debug|Win32
		{61102BAD-D008-4214-A8D7-0945E1F2608C}.Debug|Win32.Build.0 = Debug|Win32
		{61102BAD-D008-4214-A8D7-0945E1F2608C}.Release|Win32.ActiveCfg = Release|Win32
		{61102BAD-D008-4214-A8D7-0945E1F2608C}.Release|Win32.Build.0 = Release|Win32
		{DDECB6F7-C591-4844-BC82-653EE4A7C8E7}.Debug|Win32.ActiveCfg = Debug|Win32
		{DDECB6F7-C591-4844-BC82-653EE4A7C8E7}.Debug|Win32.Build.0 = Debug|Win32
		{DDECB6F7-C591-4844-BC82-653EE4A7C8E7}.Release|Win32.ActiveCfg = Release|Win32
		{DDECB6F7-C591-4844-BC82-653EE4A7C8E7}.Release|Win32.Build.0 = Release|Win32
		{B5215DD4-B788-441F-A4A1-D18641791C5D}.Debug|Win32.ActiveCfg = Debug|Win32
		{B5215DD4-B788-441F-A4A1-D18641791C5D}.Debug|Win32.Build.0 = Debug|Win32
		{B5215DD4-B788-441F-A4A1-D18641791C5D}.Release|Win32.ActiveCfg = Release|Win32
		{B5215DD4-B788-441F-A4A1-D18641791C5D}.Release|Win32.Build.0 = Release|Win32
		{47E6EC61-8989-45A8-80BB-69B4626C7CCF}.Debug|Win32.ActiveCfg = Debug|Win32
		{47E6EC61-8989-45A8-80BB-69B4626C7CCF}.Debug|Win32.Build.0 = Debug|Win32
		{47E6EC61-8989-45A8-80BB-69B4626C7CCF}.Release|Win32.ActiveCfg = Release|Win32
		{47E6EC61-8989-45A8-80BB-69B4626C7CCF}.Release|Win32.Build.0 = Release|Win32
		{16DF9EE5-836B-48E5-8E3C-420B1E61A837}.Debug|Win32.ActiveCfg = Debug|Win32
		{16DF9EE5-836B-48E5-8E3C-420B1E61A837}.Debug|Win32.Build.0 = Debug|Win32
		{16DF9EE5-836B-48E5-8E3C-420B1E61A837}.Release|Win32.ActiveCfg = Release|Win32
		{16DF9EE5-836B-48E5-8E3C-420B1E61A837}.Release|Win32.Build.0 = Release|Win32
		{5F23530A-DC2F-4B2F-B406-D05C6B7F3CDA}.Debug|Win32.ActiveCfg = Debug|Win32
		{5F23530A-DC2F-4B2F-B406-D05C6B7F3CDA}.Debug|Win32.Build.0 = Debug|Win32
		{5F23530A-DC2F-4B2F-B406-D05C6B7F3CDA}.Release|Win32.ActiveCfg = Release|Win32
		{5F23530A-DC2F-4B2F-B406-D05C6B7F3CDA}.Release|Win32.Build.0 = Release|Win32
		{E87FAE8B-3F24-4D9B-8532-0BA3C3BA813B}.Debug|Win32.ActiveCfg = Debug|Win32
		{E87FAE8B-3F24-4D9B-8532-0BA3C3BA813B}.Debug|Win32.Build.0 = Debug|Win32
		{E87FAE8B-3F24-4D9B-8532-0BA3C3BA813B}.Release|Win32.ActiveCfg = Release|Win32
		{E87FAE8B-3F24-4D9B-8532-0BA3C3BA813B}.Release|Win32.Build.0 = Release|Win32
		{282EA790-0FF6-42E6-A821-B874DFDE3496}.Debug|Win32.ActiveCfg = Debug|Win32
		{282EA790-0FF6-42E6-A821-B874DFDE3496}.Debug|Win32.Build.0 = Debug|Win32
		{282EA790-0FF6-42E6-A821-B874DFDE3496}.Release|Win32.ActiveCfg = Release|Win32
		{282EA790-0FF6-42E6-A821-B874DFDE3496}.Release|Win32.Build.0 = Release|Win32
		{44DC7ED1-A45E-49B1-9684-C7873A6AB08B}.Debug|Win32.ActiveCfg = Debug|Win32
		{44DC7ED1-A45E-49B1-9684-C7873A6AB08B}.Debug|Win32.Build.0 = Debug|Win32
		{44DC7ED1-A45E-49B1-9684-C7873A6AB08B}.Release|Win32.ActiveCfg = Release|Win32
		{44DC7ED1-A45E-49B1-9684-C7873A6AB08B}.Release|Win32.Build.0 = Release|Win32
		{DCEEFD42-4644-4133-8551-F0DEDBE54273}.Debug|Win32.ActiveCfg = Debug|Win32
		{DCEEFD42-4644-4133-8551-F0DEDBE54273}.Debug|Win32.Build.0 = Debug|Win32
		{DCEEFD42-4644-4133-8551-F0DEDBE54273}.Release|Win32.ActiveCfg = Release|Win32
		{DCEEFD42-4644-4133-8551-F0DEDBE54273}.Release|Win32.Build.0 = Release|Win32
		{A7B9AABF-E57C-4E43-A28C-3E505188B850}.Debug|Win32.ActiveCfg = Debug|Win32
		{A7B9AABF-E57C-4E43-A28C-3E505188B850}.Debug|Win32.Build.0 = Debug|Win32
		{A7B9AABF-E57C-4E43-A28C-3E505188B850}.Release|Win32.ActiveCfg = Release|Win32
		{A7B9AABF-E57C-4E43-A28C-3E505188B850}.Release|Win32.Build.0 = Release|Win32
		{067B9A86-8DB3-4E89-A504-5E50C4CDEE25}.Debug|Win32.ActiveCfg = Debug|Win32
		{067B9A86-8DB3-4E89-A504-5E50C4CDEE25}.Debug|Win32.Build.0 = Debug|Win32
		{067B9A86-8DB3-4E89-A504-5E50C4CDEE25}.Release|Win32.ActiveCfg = Release|Win32
		{067B9A86-8DB3-4E89-A504-5E50C4CDEE25}.Release|Win32.Build.0 = Release|Win32
		{AD5A99B1-63E6-4834-902C-E1BD96BA1A93}.Debug|Win32.ActiveCfg = Debug|Win32
		{AD5A99B1-63E6-4834-902C-E1BD96BA1A93}.Debug|Win32.Build.0 = Debug|Win32
		{AD5A99B1-63E6-4834-902C-E1BD96BA1A93}.Release|Win32.ActiveCfg = Release|Win32
		{AD5A99B1-63E6-4834-902C-E1BD96BA1A93}.Release|Win32.Build.0 = Release|Win32
		{140B0EF6-27B7-4B8A-B994-A0526CC8B2FA}.Debug|Win32.ActiveCfg = Debug|Win32
		{140B0EF6-27B7-4B8A-B994-A0526CC8B2FA}.Debug|Win32.Build.0 = Debug|Win32
		{140B0EF6-27B7-4B8A-B994-A0526CC8B2FA}.Release|Win32.ActiveCfg = Release|Win32
		{140B0EF6-27B7-4B8A-B994-A0526CC8B2FA}.Release|Win32.Build.0 = Release|Win32
		{940EA9F4-69EC-4650-899A-316EFA15F8BE}.Debug|Win32.ActiveCfg = Debug|Win32
		{940EA9F4-69EC-4650-899A-316EFA15F8BE}.Debug|Win32.Build.0 = Debug|Win32
		{940EA9F4-69EC-4650-899A-316EFA15F8BE}.Release|Win32.ActiveCfg = Release|Win32
		{940EA9F4-69EC-4650-899A-316EFA15F8BE}.Release|Win32.Build.0 = Release|Win32
		{DF2F8F65-496C-445B-9F53-7020BDE317A6}.Debug|Win32.ActiveCfg = Debug|Win32
		{DF2F8F65-496C-445B-9F53-7020BDE317A6}.Debug|Win32.Build.0 = Debug|Win32
		{DF2F8F65-496C-445B-9F53-7020BDE317A6}.Release|Win32.ActiveCfg = Release|Win32
		{DF2F8F65-496C-445B-9F53-7020BDE317A6}.Release|Win32.Build.0 = Release|Win32
		{73E84702-41D8-4321-972B-95EC5AB2D23E}.Debug|Win32.ActiveCfg = Debug|Win32
		{73E84702-41D8-4321-972B-95EC5AB2D23E}.Debug|Win32.Build.0 = Debug|Win32
		{73E84702-41D8-4321-972B-95EC5AB2D23E}.Release|Win32.ActiveCfg = Release|Win32
		{73E84702-41D8-4321-972B-95EC5AB2D23E}.Release|Win32.Build.0 = Release|Win32
		{32A1190F-1DD8-4244-BD9F-51BD1D6BBFEF}.Debug|Win32.ActiveCfg = Debug|Win32
		{32A1190F-1DD8-4244-BD9F-51BD1D6BBFEF}.Debug|Win32.Build.0 = Debug|Win32
		{32A1190F-1DD8-4244-BD9F-51BD1D6BBFEF}.Release|Win32.ActiveCfg = Release|Win32
		{32A1190F-1DD8-4244-BD9F-51BD1D6BBFEF}.Release|Win32.Build.0 = Release|Win32
		{64A63777-F9A9-47B5-8C91-64B0040E1F08}.Debug|Win32.ActiveCfg = Debug|Win32
		{64A63777-F9A9-47B5-8C91-64B0040E1F08}.Debug|Win32.Build.0 = Debug|Win32
		{64A63777-F9A9-47B5-8C91-64B0040E1F08}.Release|Win32.ActiveCfg = Release|Win32
		{64A63777-F9A9-47B5-8C91-64B0040E1F08}.Release|Win32.Build.0 = Release|Win32
		{4281210C-3045-4F6A-AF1E-B67A0269C1A6}.Debug|Win32.ActiveCfg = Debug|Win32
		{4281210C-3045-4F6A-AF1E-B67A0269C1A6}.Debug|Win32.Build.0 = Debug|Win32
		{4281210C-3045-4F6A-AF1E-B67A0269C1A6}.Release|Win32.ActiveCfg = Release|Win32
		{4281210C-3045-4F6A-AF1E-B67A0269C1A6}.Release|Win32.Build.0 = Release|Win32
		{C5F1A867-053F-4893-B716-8373AC4019A1}.Debug|Win32.ActiveCfg = Debug|Win32
		{C5F1A867-053F-4893-B716-8373AC4019A1}.Debug|Win32.Build.0 = Debug|Win32
		{C5F1A867-053F-4893-B716-8373AC4019A1}.Release|Win32.ActiveCfg = Release|Win32
		{C5F1A867-053F-4893-B716-8373AC4019A1}.Release|Win32.Build.0 = Release|Win32
		{4C614D03-965A-430F-9FA6-E105396B3021}.Debug|Win32.ActiveCfg = Debug|Win32
		{4C614D03-965A-430F-9FA6-E105396B3021}.Debug|Win32.Build.0 = Debug|Win32
		{4C614D03-965A-430F-9FA6-E105396B3021}.Release|Win32.ActiveCfg = Release|Win32
		{4C614D03-965A-430F-9FA6-E105396B3021}.Release|Win32.Build.0 = Release|Win32
		{A952AF16-66B7-4B36-8268-792CC86A3DE8}.Debug|Win32.ActiveCfg = Debug|Win32
		{A952AF16-66B7-4B36-8268-792CC86A3DE8}.Debug|Win32.Build.0 = Debug|Win32
		{A952AF16-66B7-4B36-8268-792CC86A3DE8}.Release|Win32.ActiveCfg = Release|Win32
		{A952AF16-66B7-4B36-8268-792CC86A3DE8}.Release|Win32.Build.0 = Release|Win32
		{432374D6-8D50-4ACD-970E-1A265B1C2E07}.Debug|Win32.ActiveCfg = Debug|Win32
		{432374D6-8D50-4ACD-970E-1A265B1C2E07}.Debug|Win32.Build.0 = Debug|Win32
		{432374D6-8D50-4ACD-970E-1A265B1C2E07}.Release|Win32.ActiveCfg = Release|Win32
		{432374D6-8D50-4ACD-970E-1A265B1C2E07}.Release|Win32.Build.0 = Release|Win32
		{165DD543-6C0F-42E9-841F-A132933DD351}.Debug|Win32.ActiveCfg = Debug|Win32
		{165DD543-6C0F-42E9-841F-A132933DD351}.Debug|Win32.Build.0 = Debug|Win32
		{165DD543-6C0F-42E9-841F-A132933DD351}.Release|Win32.ActiveCfg = Release|Win32
		{165DD543-6C0F-42E9-841F-A132933DD351}.Release|Win32.Build.0 = Release|Win32
		{B88D6A3D-0325-4407-A863-AA09218EF61E}.Debug|Win32.ActiveCfg = Debug|Win32
		{B88D6A3D-0325-4407-A863-AA09218EF61E}.Debug|Win32.Build.0 = Debug|Win32
		{B88D6A3D-0325-4407-A863-AA09218EF61E}.Release|Win32.ActiveCfg = Release|Win32
		{B88D6A3D-0325-4407-A863-AA09218EF61E}.Release|Win32.Build.0 = Release|Win32
		{E2648EC3-D99A-4D9B-8912-D5243FA5C0E2}.Debug|Win32.ActiveCfg = Debug|Win32
		{E2648EC3-D99A-4D9B-8912-D5243FA5C0E2}.Debug|Win32.Build.0 = Debug|Win32
		{E2648EC3-D99A-4D9B-8912-D5243FA5C0E2}.Release|Win32.ActiveCfg = Release|Win32
		{E2648EC3-D99A-4D9B-8912-D5243FA5C0E2}.Release|Win32.Build.0 = Release|Win32
		{DC758246-9D28-4EDF-998E-2D870B2BCBD5}.Debug|Win32.ActiveCfg = Debug|Win32
		{DC758246-9D28-4EDF-998E-2D870B2BCBD5}.Debug|Win32.Build.0 = Debug|Win32
		{DC758246-9D28-4EDF-998E-2D870B2BCBD5}.Release|Win32.ActiveCfg = Release|Win32
		{DC758246-9D28-4EDF-998E-2D870B2BCBD5}.Release|Win32.Build.0 = Release|Win32
	EndGlobalSection
	GlobalSection(SolutionProperties) = preSolution
		HideSolutionNode = FALSE
	EndGlobalSection
EndGlobal
